{
  "version": "2",
  "remote": {
    "https://deno.land/x/hono@v3.3.4/adapter/deno/serve-static.ts": "ba10cf6aaf39da942b0d49c3b9877ddba69d41d414c6551d890beb1085f58eea",
    "https://deno.land/x/hono@v3.3.4/client/client.ts": "7a819af2aa9aabc746add4d01715fa37f83676fdf1b63fba1bbcd655b2d066a5",
    "https://deno.land/x/hono@v3.3.4/client/index.ts": "3ff4cf246f3543f827a85a2c84d66a025ac350ee927613629bda47e854bfb7ba",
    "https://deno.land/x/hono@v3.3.4/client/utils.ts": "053273c002963b549d38268a1b423ac8ca211a8028bdab1ed0b781a62aa5e661",
    "https://deno.land/x/hono@v3.3.4/compose.ts": "e55ed7be2134f363ff3c8e8e2f520ff682c6a11a47d7189100ed69704ce10b9e",
    "https://deno.land/x/hono@v3.3.4/context.ts": "a9d2dba3528df1a804d78630f867a8aaee2ebc8b498c5c781eeb057539dedb20",
    "https://deno.land/x/hono@v3.3.4/hono-base.ts": "5d01ed8a5ccddb769b5c7a03ba52b9f4c5614e064e67b20e56ff5b10e753bb75",
    "https://deno.land/x/hono@v3.3.4/hono.ts": "c185fae30dc3aa9966b0f3e8599f81314ba5e8621b907d27cffb77414a1c0908",
    "https://deno.land/x/hono@v3.3.4/http-exception.ts": "6071df078b5f76d279684d52fe82a590f447a64ffe1b75eb5064d0c8a8d2d676",
    "https://deno.land/x/hono@v3.3.4/middleware.ts": "45f7b75d3e589dcae6952cd5b4fa460c3c1a7cf8155fdae74e69bac4e5615f25",
    "https://deno.land/x/hono@v3.3.4/middleware/basic-auth/index.ts": "5505288ccf9364f56f7be2dfac841543b72e20656e54ac646a1a73a0aa853261",
    "https://deno.land/x/hono@v3.3.4/middleware/bearer-auth/index.ts": "11d4ead9b57f5bcb2b6b4bf27076871f15da0e1e8828b2b79d90c15423357b47",
    "https://deno.land/x/hono@v3.3.4/middleware/cache/index.ts": "9e5d31d33206bb5dba46dde16ed606dd2cb361d75c26b02e02c72bd1fb6fe53e",
    "https://deno.land/x/hono@v3.3.4/middleware/compress/index.ts": "0b8ddbd70688361d5ef4e9418afa28affe2500a7f41a231a87873dad26ef5548",
    "https://deno.land/x/hono@v3.3.4/middleware/cookie/index.ts": "36d767c74a26cbb4dca581a0817e72cb698cd218d3f58176f38c04d421770940",
    "https://deno.land/x/hono@v3.3.4/middleware/cors/index.ts": "c227e20bdd6481120e39a222e8dcec24ab129714748f68f3ddc859ef6855fe0f",
    "https://deno.land/x/hono@v3.3.4/middleware/etag/index.ts": "cef6d5e7a11aa692f6c519419edc0fb2aa66bccca9908e0bb307a15f38afb6b7",
    "https://deno.land/x/hono@v3.3.4/middleware/html/index.ts": "a5028d8170dcc030d003749e743213e6532ff65798b741b81220207abc9af82d",
    "https://deno.land/x/hono@v3.3.4/middleware/jsx/index.ts": "b86d2b1f333ccb3a6ffc3c77928ef8734cdfce90f10b26b01682dfd4fe192b5e",
    "https://deno.land/x/hono@v3.3.4/middleware/jwt/index.ts": "6a8fa9ca42e49756dd1b8db6f0abe5b6684681ece8fc7f65a4892f7a82000236",
    "https://deno.land/x/hono@v3.3.4/middleware/logger/index.ts": "c139f372f482baeffbad68b14bef990e011fe8df578dcee71fb612ffad7fe748",
    "https://deno.land/x/hono@v3.3.4/middleware/powered-by/index.ts": "c36b7a3d1322c6a37f3d1510f7ff04a85aa6cacfac2173e5f1913eb16c3cc869",
    "https://deno.land/x/hono@v3.3.4/middleware/pretty-json/index.ts": "f4a4b2fa2ecb73e23da6f0ef716fe7d6a7f05c69f64dc7f89fc68cbcb204a87f",
    "https://deno.land/x/hono@v3.3.4/middleware/timing/index.ts": "d6976a07d9d51a7b26dae1311fe51d0744f7d234498bac3fe024ec7088c0ca47",
    "https://deno.land/x/hono@v3.3.4/mod.ts": "be5c09896830494225a12488e3e086b331b9c8829f66cc529cb8636a0c15f6fe",
    "https://deno.land/x/hono@v3.3.4/request.ts": "abbfbd63516c7ee60445b85a5ae8d45a8c9b4dc1a536af5cf84ff73b742ebda4",
    "https://deno.land/x/hono@v3.3.4/router.ts": "d03e2a9e862c898e8555b451ba80c65b1f39d487230815229e1f046dbd8546cb",
    "https://deno.land/x/hono@v3.3.4/router/linear-router/index.ts": "8a2a7144c50b1f4a92d9ee99c2c396716af144c868e10608255f969695efccd0",
    "https://deno.land/x/hono@v3.3.4/router/linear-router/router.ts": "90d4afc052b72f53dafbcf97fd32f24299b985f8a35dbdc70b28048201b3dcbc",
    "https://deno.land/x/hono@v3.3.4/router/pattern-router/index.ts": "304a66c50e243872037ed41c7dd79ed0c89d815e17e172e7ad7cdc4bc07d3383",
    "https://deno.land/x/hono@v3.3.4/router/pattern-router/router.ts": "8107b92cb713ba3727639c76fab44fd26883d5f2fa7dd39242150a0f269d4835",
    "https://deno.land/x/hono@v3.3.4/router/reg-exp-router/index.ts": "52755829213941756159b7a963097bafde5cc4fc22b13b1c7c9184dc0512d1db",
    "https://deno.land/x/hono@v3.3.4/router/reg-exp-router/node.ts": "8006b5bccb83d9fc98e0562a5545f6dd0be639ce445b089a6171c9c617aa8693",
    "https://deno.land/x/hono@v3.3.4/router/reg-exp-router/router.ts": "aeddd88e16a7ec3cf088a13ee952cfcb3319f97559767253e1a600f72fc70f27",
    "https://deno.land/x/hono@v3.3.4/router/reg-exp-router/trie.ts": "567493b301c44174f0895aedb8d055bbecf88f8a25626fa8ca61333bbd0c882c",
    "https://deno.land/x/hono@v3.3.4/router/smart-router/index.ts": "74f9b4fe15ea535900f2b9b048581915f12fe94e531dd2b0032f5610e61c3bef",
    "https://deno.land/x/hono@v3.3.4/router/smart-router/router.ts": "38209165dadea4182b42807a0a6c84a9258532a07ebf87262dc2b5b09d25a2a2",
    "https://deno.land/x/hono@v3.3.4/router/trie-router/index.ts": "3eb75e7f71ba81801631b30de6b1f5cefb2c7239c03797e2b2cbab5085911b41",
    "https://deno.land/x/hono@v3.3.4/router/trie-router/node.ts": "a52111dea7436d6817ffca04018eb65e552e9d7b15fba11b367016334dcb1b0f",
    "https://deno.land/x/hono@v3.3.4/router/trie-router/router.ts": "ad0b3fdabc33abd11a9f5819734aec743602a743cfc9f90ddad73787cd5e7727",
    "https://deno.land/x/hono@v3.3.4/types.ts": "d9733cf808ae9828fb12b62ff4decc23992da8f2050294a16e4af6d90db302f3",
    "https://deno.land/x/hono@v3.3.4/utils/body.ts": "67627aaac6ea8d3d2f2ffcb0aabccfe0c854ee11eaecd36dfcc2f012005337f7",
    "https://deno.land/x/hono@v3.3.4/utils/buffer.ts": "d28ab08d2571e890ec2ad7ce4c0318a503094f8403eac3d5eb18a8e5c23b29b2",
    "https://deno.land/x/hono@v3.3.4/utils/cookie.ts": "ff2f948c27fb8867fc990b1b6b182dfbe4c263c60a94cd33aefa77af5cdb1655",
    "https://deno.land/x/hono@v3.3.4/utils/crypto.ts": "bda0e141bbe46d3a4a20f8fbcb6380d473b617123d9fdfa93e4499410b537acc",
    "https://deno.land/x/hono@v3.3.4/utils/encode.ts": "3b7c7d736123b5073542b34321700d4dbf5ff129c138f434bb2144a4d425ee89",
    "https://deno.land/x/hono@v3.3.4/utils/filepath.ts": "0059e4d88e62c3630aa67bd51eca0a6d4767c7e5d472d0ea2e1fec691008d152",
    "https://deno.land/x/hono@v3.3.4/utils/html.ts": "1477ec181dfa6d17bf7f4dd516843f530c7d0c6b139e260ff51207fe7de18bbb",
    "https://deno.land/x/hono@v3.3.4/utils/jwt/index.ts": "5e4b82a42eb3603351dfce726cd781ca41cb57437395409d227131aec348d2d5",
    "https://deno.land/x/hono@v3.3.4/utils/jwt/jwt.ts": "e822e0c183cdc77709ccfba7b527f624f695c149425a00602d314165a87ee1bf",
    "https://deno.land/x/hono@v3.3.4/utils/jwt/types.ts": "16d7fa878a875eddd0049f0aa0192075058f19d51816a5d484d9b80e4d27abea",
    "https://deno.land/x/hono@v3.3.4/utils/mime.ts": "e17bdbac85b97c3d223c48874c2abe867e0720461e9f7e0c340141c080b9c6d6",
    "https://deno.land/x/hono@v3.3.4/utils/url.ts": "ad1c84749c1d8fc9b069a074003855b52c04bd56b64ac731a0abc276dfe90dcc",
    "https://deno.land/x/hono@v3.3.4/validator/index.ts": "6c986e8b91dcf857ecc8164a506ae8eea8665792a4ff7215471df669c632ae7c",
    "https://deno.land/x/hono@v3.3.4/validator/validator.ts": "e52183ddf8cefc3cfe2788802fe6ce766df8ac904df485107b01cbcca167dbad",
    "https://deno.land/x/og_edge@0.0.6/emoji.ts": "8571b6fcd5e425f58040e667f935c2fc7b8cf86f3570c81653be2c2ab8f6d046",
    "https://deno.land/x/og_edge@0.0.6/mod.ts": "a738261717d5d35e4270a9b22d9a4bb82cfb719a6d2325c75b2945d3d08f73d5",
    "https://esm.sh/@resvg/resvg-wasm@2.0.0-alpha.4": "7a87c551c96678d667f4c51f47b5e4289a7fc90d700b679277a018b60bc9c63e",
    "https://esm.sh/react-dom@18.2.0/server": "a356014fe905a58b1da74149b1981d714a06338ce52f81cc07afc0946747ed76",
    "https://esm.sh/react@18.2.0": "8950a34a030620fce8349d6bd3913b3bdb186c5ec7968fa5ba4d054e22d78e6c",
    "https://esm.sh/react@18.2.0/jsx-runtime": "914a55a07c388d345c5a0c11616ee5282242e8b8dfd0d505b83500ea04fd9870",
    "https://esm.sh/satori@0.4.0/wasm": "e71dd1c21f7f2e5ad9654b80347a354b8c9300a4e04a8fdfb75c036262a09b1a",
    "https://esm.sh/stable/react@18.2.0/denonext/jsx-runtime.js": "54d8a51c6ca025380abd2d5302e4a9b38ff835d9759c4657e52314f587eaf6bf",
    "https://esm.sh/stable/react@18.2.0/denonext/react.mjs": "3c4f23bcfc53b256fcfaf6f834fa9f584c3bb7be667b2682c6cb6ba8ef88f8e6",
    "https://esm.sh/v130/@resvg/resvg-wasm@2.0.0-alpha.4/denonext/resvg-wasm.mjs": "3fa826b8790eeea38da20260a26abf6d4cb2c889ac03c89db4496dcb9bd885d6",
    "https://esm.sh/v130/@shuding/opentype.js@1.4.0-beta.0/denonext/opentype.mjs": "ba944353ade58accbdca083c045d3f364da1fedef03e8e9361b0ff25399825e6",
    "https://esm.sh/v130/base64-js@0.0.8/denonext/base64-js.mjs": "f0db306f2043012e89eed7d8b69b203941ab8f1043703b7054906fd206c79d4f",
    "https://esm.sh/v130/camelize@1.0.1/denonext/camelize.mjs": "2267a92f6a41e681646e3cf4014829df7643070ef525de6fb2a432e70dfcf211",
    "https://esm.sh/v130/css-background-parser@0.1.0/denonext/css-background-parser.mjs": "8bcaf3c95ddd47e9cf8f45ca088cbb42f5a56bb1b2a0a1d04c647e07d5bc2f38",
    "https://esm.sh/v130/css-box-shadow@1.0.0-3/denonext/css-box-shadow.mjs": "d63628e169469210e23b6b84107526e4e9fe7e086163dd7f0cbbb3a2a57b1a56",
    "https://esm.sh/v130/css-color-keywords@1.0.0/denonext/css-color-keywords.mjs": "751fa4992522b9acd404c6fc5df295e34eec8fde87b584173c249868eae39952",
    "https://esm.sh/v130/css-to-react-native@3.2.0/denonext/css-to-react-native.mjs": "8b186ff0d1f31dc60e5d0cccae13fc8ebd431edc16182af5f7c2751ca1758c15",
    "https://esm.sh/v130/emoji-regex@10.2.1/denonext/emoji-regex.mjs": "e679afbb8a4a2649e8d16c1972fa2fedad5ceb75e050198a60d5fba74ab604b3",
    "https://esm.sh/v130/linebreak@1.1.0/denonext/linebreak.mjs": "24c8932e53240aa4976107f92f10fc05f98797bd3a325d80b8752cf1f9378875",
    "https://esm.sh/v130/postcss-value-parser@4.2.0/denonext/postcss-value-parser.mjs": "846025de2c7dd40b61d32aabe6594a2a7ea1c1e4c356c7b9bfc58cc991d7e69c",
    "https://esm.sh/v130/react-dom@18.2.0/denonext/server.js": "0460557cf83e61c275692fc0b9b22837cad662db116c048e354eac3109f8b326",
    "https://esm.sh/v130/satori@0.4.0/denonext/wasm.js": "5700692bbc6ec03d190df038e9e3463f9c659f5d3af3545de1102ecc499b8cbe",
    "https://esm.sh/v130/tiny-inflate@1.0.3/denonext/tiny-inflate.mjs": "7de6ac59fdcba14c0f515c24ecd73eacc238330064941f93daad181d86a5fe3c",
    "https://esm.sh/v130/unicode-trie@2.0.0/denonext/unicode-trie.mjs": "50489328b9c85a05518e2887f4fc733a211f10fd88cda36f9ccf43f1c04c49fc",
    "https://esm.sh/v130/yoga-wasm-web@0.3.0/denonext/yoga-wasm-web.mjs": "d06bd52c501179374046602b52e27e8b3d90c84067f6c77c40e376b8c2603712",
    "https://esm.sh/yoga-wasm-web@0.3.0": "ced79e2e3223530b99d83b1a002f04fdd9c1f77a5314ed459f523d49a1c2807f"
  },
  "npm": {
    "specifiers": {
      "@types/node": "@types/node@18.15.0",
      "react-dom": "react-dom@18.2.0_react@18.2.0"
    },
    "packages": {
      "@types/node@18.15.0": {
        "integrity": "sha512-z6nr0TTEOBGkzLGmbypWOGnpSpSIBorEhC4L+4HeQ2iezKCi4f77kyslRwvHeNitymGQ+oFyIWGP96l/DPSV9w==",
        "dependencies": {}
      },
      "js-tokens@4.0.0": {
        "integrity": "sha512-RdJUflcE3cUzKiMqQgsCu06FPu9UdIJO0beYbPhHN4k6apgJtifcoCtT9bcxOpYBtpD2kCM6Sbzg4CausW/PKQ==",
        "dependencies": {}
      },
      "loose-envify@1.4.0": {
        "integrity": "sha512-lyuxPGr/Wfhrlem2CL/UcnUc1zcqKAImBDzukY7Y5F/yQiNdko6+fRLevlw1HgMySw7f611UIY408EtxRSoK3Q==",
        "dependencies": {
          "js-tokens": "js-tokens@4.0.0"
        }
      },
      "react-dom@18.2.0_react@18.2.0": {
        "integrity": "sha512-6IMTriUmvsjHUjNtEDudZfuDQUoWXVxKHhlEGSk81n4YFS+r/Kl99wXiwlVXtPBtJenozv2P+hxDsw9eA7Xo6g==",
        "dependencies": {
          "loose-envify": "loose-envify@1.4.0",
          "react": "react@18.2.0",
          "scheduler": "scheduler@0.23.0"
        }
      },
      "react@18.2.0": {
        "integrity": "sha512-/3IjMdb2L9QbBdWiW5e3P2/npwMBaU9mHCSCUzNln0ZCYbcfTsGbTJrU/kGemdH2IWmB2ioZ+zkxtmq6g09fGQ==",
        "dependencies": {
          "loose-envify": "loose-envify@1.4.0"
        }
      },
      "scheduler@0.23.0": {
        "integrity": "sha512-CtuThmgHNg7zIZWAXi3AsyIzA3n4xx7aNyjwC2VJldO2LMVDhFK+63xGqq6CsJH4rTAt6/M+N4GhZiDYPx9eUw==",
        "dependencies": {
          "loose-envify": "loose-envify@1.4.0"
        }
      }
    }
  }
}
