{
  "version": "4",
  "specifiers": {
    "jsr:@hono/hono@^4.6.13": "4.6.13",
    "jsr:@std/encoding@^1.0.5": "1.0.5"
  },
  "jsr": {
    "@hono/hono@4.6.13": {
      "integrity": "198970fc6facf71a88ee57aa1ed32143b56bcb0f842fa965ca3ee7d6fdd21a8e"
    },
    "@std/encoding@1.0.5": {
      "integrity": "ecf363d4fc25bd85bd915ff6733a7e79b67e0e7806334af15f4645c569fefc04"
    }
  },
  "remote": {
    "https://deno.land/x/og_edge@0.0.6/emoji.ts": "8571b6fcd5e425f58040e667f935c2fc7b8cf86f3570c81653be2c2ab8f6d046",
    "https://esm.sh/@resvg/resvg-wasm@2.6.2": "71f533df2bafff12e032fccfcb1d9fbc1c66ba11e9eedfc043377a033ba71a88",
    "https://esm.sh/react@18.2.0/jsx-runtime": "aa011b336e339e6eaacc89787e7e3d6eb726b3701d9f8ac7fcd01db1595357cb",
    "https://esm.sh/satori@0.10.3/wasm": "ce1e586d24f489a89d6791cf882ce0770cc01c804109b75d69a10336943187a9",
    "https://esm.sh/stable/react@18.2.0/denonext/jsx-runtime.js": "309faa58fa4e914707daffa1a9514bef4593c952f930640cf93bb871aab7ceb6",
    "https://esm.sh/stable/react@18.2.0/denonext/react.mjs": "3c4f23bcfc53b256fcfaf6f834fa9f584c3bb7be667b2682c6cb6ba8ef88f8e6",
    "https://esm.sh/v135/@resvg/resvg-wasm@2.6.2/denonext/resvg-wasm.mjs": "8654c9afd491d1130c61b6cbb5e7a7f0ba91f4c6e6fc861039457cfdaa204d8d",
    "https://esm.sh/v135/@shuding/opentype.js@1.4.0-beta.0/denonext/opentype.mjs": "83a96319a889e45c88e1d7bb370a87c5db4b1a401279a7de642f7d489d30a0ee",
    "https://esm.sh/v135/base64-js@0.0.8/denonext/base64-js.mjs": "33fff8859bab5c840436ead1e14082f8a0490763e1cbf177d46abf57287ad943",
    "https://esm.sh/v135/camelize@1.0.1/denonext/camelize.mjs": "2267a92f6a41e681646e3cf4014829df7643070ef525de6fb2a432e70dfcf211",
    "https://esm.sh/v135/color-name@1.1.4/denonext/color-name.mjs": "88abd3b0b19ef92d342221b38dc51760a4bab4540308c2dcb9db3c2cc68e5986",
    "https://esm.sh/v135/css-background-parser@0.1.0/denonext/css-background-parser.mjs": "8bcaf3c95ddd47e9cf8f45ca088cbb42f5a56bb1b2a0a1d04c647e07d5bc2f38",
    "https://esm.sh/v135/css-box-shadow@1.0.0-3/denonext/css-box-shadow.mjs": "d63628e169469210e23b6b84107526e4e9fe7e086163dd7f0cbbb3a2a57b1a56",
    "https://esm.sh/v135/css-color-keywords@1.0.0/denonext/css-color-keywords.mjs": "751fa4992522b9acd404c6fc5df295e34eec8fde87b584173c249868eae39952",
    "https://esm.sh/v135/css-to-react-native@3.2.0/denonext/css-to-react-native.mjs": "fb3b92311bab404d573f64f31b5514ded6cea549948f91a5df40849f1da82847",
    "https://esm.sh/v135/escape-html@1.0.3/denonext/escape-html.mjs": "836d29b9da47c2ac09ffa144f01a4726a38b4e4a9748e37cd115a6316aed2b00",
    "https://esm.sh/v135/hex-rgb@4.3.0/denonext/hex-rgb.mjs": "7921f66af19d6c1f86ef1c2c825be756b9bf5b18a4f0b039cf45141096b398ef",
    "https://esm.sh/v135/linebreak@1.1.0/denonext/linebreak.mjs": "92506ad05c1bf348fe57a34cbf3caaacdeea76d104966d93176c88d7a3a23527",
    "https://esm.sh/v135/parse-css-color@0.2.1/denonext/parse-css-color.mjs": "d7c98d492f030ec53dfd8b80a464add5de8a0f9cd539dbebfd5461e9743a9d9b",
    "https://esm.sh/v135/postcss-value-parser@4.2.0/denonext/postcss-value-parser.mjs": "0873445cb149a5a1d815b526f77a989991ee196cbbc578c508f44c9974d7505c",
    "https://esm.sh/v135/satori@0.10.3/denonext/wasm.js": "56fce202bb6bc845c2068d911110d068b08160e87e4baac41aefc87162eab816",
    "https://esm.sh/v135/tiny-inflate@1.0.3/denonext/tiny-inflate.mjs": "b05e99b89711075c2b4b7858168f116704186a74f15b49a33cd9f637af4310ac",
    "https://esm.sh/v135/unicode-trie@2.0.0/denonext/unicode-trie.mjs": "1eed05d57f1f6d380eb8349a5cabdeaafec68b86c762a5fd762a9ac3ff3138d0",
    "https://esm.sh/v135/yoga-wasm-web@0.3.3/denonext/yoga-wasm-web.mjs": "bfd0227e9e7f4dabb4f51f3485b06655d7cb7d436d0c32af9bd227432d112681",
    "https://esm.sh/yoga-wasm-web@0.3.3": "53b195bbfa2dab46be1e610d6bd969e544b5da29680760a437d8b5dd7adf27f2"
  },
  "workspace": {
    "dependencies": [
      "jsr:@hono/hono@^4.6.13",
      "jsr:@std/encoding@^1.0.5"
    ]
  }
}
